
Microsoft Visual Studio Solution File, Format Version 12.00
# Visual Studio 15
Project("{FAE04EC0-301F-11D3-BF4B-00C04F79EFBC}") = "Assembly-CSharp", "Assembly-CSharp.csproj", "{FF73B4BD-CAD6-9D14-D20E-2A9FFA51C48A}"
EndProject
Global
	GlobalSection(SolutionConfigurationPlatforms) = preSolution
		Debug|Any CPU = Debug|Any CPU
		Release|Any CPU = Release|Any CPU
	EndGlobalSection
	GlobalSection(ProjectConfigurationPlatforms) = postSolution
		{FF73B4BD-CAD6-9D14-D20E-2A9FFA51C48A}.Debug|Any CPU.ActiveCfg = Debug|Any CPU
		{FF73B4BD-CAD6-9D14-D20E-2A9FFA51C48A}.Debug|Any CPU.Build.0 = Debug|Any CPU
		{FF73B4BD-CAD6-9D14-D20E-2A9FFA51C48A}.Release|Any CPU.ActiveCfg = Release|Any CPU
		{FF73B4BD-CAD6-9D14-D20E-2A9FFA51C48A}.Release|Any CPU.Build.0 = Release|Any CPU
	EndGlobalSection
	GlobalSection(SolutionProperties) = preSolution
		HideSolutionNode = FALSE
	EndGlobalSection
EndGlobal
